github.com/uhppoted/uhppote-core v0.8.5-0.20230613164149-bdc6a7d957cf h1:ZzfHhK5K2kKW13SyIf7ReAdTn15tgJlsUtSBCTsL2QU=
github.com/uhppoted/uhppote-core v0.8.5-0.20230613164149-bdc6a7d957cf/go.mod h1:q3xZZc7GMkCfpVnKNmdoZQDjvMHfPvH79VNai7HDH3s=
github.com/uhppoted/uhppoted-lib v0.8.5-0.20230613171422-1f9293083395 h1:xbH2STvy1uIbY0VFiEkFzdaa0FfZqpQOW0asAP0JCBk=
github.com/uhppoted/uhppoted-lib v0.8.5-0.20230613171422-1f9293083395/go.mod h1:euK2cLO934w0GDgvvnWMjYNtZ29K1xSMrMse6THOzDQ=
golang.org/x/sys v0.9.0 h1:KS/R3tvhPqvJvwcKfnBHJwwthS11LRhmM5D59eEXa0s=
golang.org/x/sys v0.9.0/go.mod h1:oPkhp1MJrh7nUepCBck5+mAzfO9JrbApNNgaTdGDITg=
