github.com/uhppoted/uhppote-core v0.8.9-0.20240507163420-35508cf9ca2b h1:Icpzi8Vg+k3UsehmJ/RAGScklzaa55cKWGgilsg/KMM=
github.com/uhppoted/uhppote-core v0.8.9-0.20240507163420-35508cf9ca2b/go.mod h1:Q+DHtT8s74efLs2b0eF20DRBUL9yBkySwaTQ+0lsEVM=
github.com/uhppoted/uhppoted-lib v0.8.9-0.20240507163849-65273968c355 h1:1mUioB07UC9p8/qIUAVqdJk/G7LHcGLBryWgJvZBkog=
github.com/uhppoted/uhppoted-lib v0.8.9-0.20240507163849-65273968c355/go.mod h1:vL8jQG9himaPioOfp8DI49jvo+Hb9/B2KaEQkmw6ycg=
golang.org/x/sys v0.20.0 h1:Od9JTbYCk261bKm4M/mw7AklTlFYIa0bIp9BgSm1S8Y=
golang.org/x/sys v0.20.0/go.mod h1:/VUhepiaJMQUp4+oa/7Zr1D23ma6VTLIYjOOTFZPUcA=
