github.com/uhppoted/uhppote-core v0.8.7-0.20231024161310-ebe955f9d238 h1:l+56DX9qnwgxs6UYNkM0OxoxEVvxynlW8SG13dCVk5E=
github.com/uhppoted/uhppote-core v0.8.7-0.20231024161310-ebe955f9d238/go.mod h1:XDXzu5MxPhS7IqXQ1q3hY+KWiYDdLB4Gb7JUDcFqwgY=
github.com/uhppoted/uhppoted-lib v0.8.7-0.20231024172141-b454e52e3418 h1:mk0Qwa2mel8OnVtbMUCz6ae7mA5sB9kGr1VU/lHePhQ=
github.com/uhppoted/uhppoted-lib v0.8.7-0.20231024172141-b454e52e3418/go.mod h1:lZwvB02yeNGKaawUw/Jxns0rP7R8Ff4a6Mq9ckcUEBw=
golang.org/x/sys v0.13.0 h1:Af8nKPmuFypiUBjVoU9V20FiaFXOcuZI21p0ycVYYGE=
golang.org/x/sys v0.13.0/go.mod h1:oPkhp1MJrh7nUepCBck5+mAzfO9JrbApNNgaTdGDITg=
